{
  "nodes": {
    "home-manager": {
      "inputs": {
        "nixpkgs": [
          "nixpkgs"
        ]
      },
      "locked": {
        "lastModified": 1755625756,
        "narHash": "sha256-t57ayMEdV9g1aCfHzoQjHj1Fh3LDeyblceADm2hsLHM=",
        "owner": "nix-community",
        "repo": "home-manager",
        "rev": "dd026d86420781e84d0732f2fa28e1c051117b59",
        "type": "github"
      },
      "original": {
        "owner": "nix-community",
        "ref": "master",
        "repo": "home-manager",
        "type": "github"
      }
    },
    "neosolarized-nvim": {
      "flake": false,
      "locked": {
        "lastModified": 1747308665,
        "narHash": "sha256-Z8XiaYpGyvCBb96hKbIj0ud4/sQl1K6gino20tDtiAQ=",
        "owner": "Tsuzat",
        "repo": "NeoSolarized.nvim",
        "rev": "3c55ad358c062aa4879950c4f83b4deeac6b72df",
        "type": "github"
      },
      "original": {
        "owner": "Tsuzat",
        "repo": "NeoSolarized.nvim",
        "type": "github"
      }
    },
    "nixpkgs": {
      "locked": {
        "lastModified": 1755577059,
        "narHash": "sha256-5hYhxIpco8xR+IpP3uU56+4+Bw7mf7EMyxS/HqUYHQY=",
        "owner": "NixOS",
        "repo": "nixpkgs",
        "rev": "97eb7ee0da337d385ab015a23e15022c865be75c",
        "type": "github"
      },
      "original": {
        "owner": "NixOS",
        "ref": "nixpkgs-unstable",
        "repo": "nixpkgs",
        "type": "github"
      }
    },
    "numbers-nvim": {
      "flake": false,
      "locked": {
        "lastModified": 1739274039,
        "narHash": "sha256-4G/PhJQnog5qA8pCjRm5bIsI1kux9S+6RZ2TsSNKKHM=",
        "owner": "nkakouros-original",
        "repo": "numbers.nvim",
        "rev": "53a4775539439754208ed4e0bd2e8354c165e66d",
        "type": "github"
      },
      "original": {
        "owner": "nkakouros-original",
        "ref": "master",
        "repo": "numbers.nvim",
        "type": "github"
      }
    },
    "root": {
      "inputs": {
        "home-manager": "home-manager",
        "neosolarized-nvim": "neosolarized-nvim",
        "nixpkgs": "nixpkgs",
        "numbers-nvim": "numbers-nvim",
        "telescope-ghq-nvim": "telescope-ghq-nvim",
        "vim-renamer": "vim-renamer"
      }
    },
    "telescope-ghq-nvim": {
      "flake": false,
      "locked": {
        "lastModified": 1692315070,
        "narHash": "sha256-bOpgGxaSUN/+3DCm2+8G57y+miPmeMIuDQaO4Ugikf4=",
        "owner": "nvim-telescope",
        "repo": "telescope-ghq.nvim",
        "rev": "2bd2e2d10f1a06fce9cce1e33ffe464c84ceb63b",
        "type": "github"
      },
      "original": {
        "owner": "nvim-telescope",
        "ref": "master",
        "repo": "telescope-ghq.nvim",
        "type": "github"
      }
    },
    "vim-renamer": {
      "flake": false,
      "locked": {
        "lastModified": 1560180808,
        "narHash": "sha256-lP9qxsauD+KxFzelYYx354IhdO46jDlrsTe54Vyynj8=",
        "owner": "qpkorr",
        "repo": "vim-renamer",
        "rev": "9c6346eb4556cf2d8ca55de6969247ab14fe2383",
        "type": "github"
      },
      "original": {
        "owner": "qpkorr",
        "ref": "master",
        "repo": "vim-renamer",
        "type": "github"
      }
    }
  },
  "root": "root",
  "version": 7
}
