{
  "nodes": {
    "home-manager": {
      "inputs": {
        "nixpkgs": [
          "nixpkgs"
        ]
      },
      "locked": {
        "lastModified": 1743438213,
        "narHash": "sha256-ZZDN+0v1r4I1xkQWlt8euOJv5S4EvElUCZMrDjTCEsY=",
        "owner": "nix-community",
        "repo": "home-manager",
        "rev": "ccd7df836e1f42ea84806760f25b77b586370259",
        "type": "github"
      },
      "original": {
        "owner": "nix-community",
        "ref": "master",
        "repo": "home-manager",
        "type": "github"
      }
    },
    "neosolarized-nvim": {
      "flake": false,
      "locked": {
        "lastModified": 1736934405,
        "narHash": "sha256-QpuOkVfKlajys33on1LfYqx3Lsr2Ajr0xubMpM5vwUo=",
        "owner": "Tsuzat",
        "repo": "NeoSolarized.nvim",
        "rev": "fb395ea220c9befc06a91bd97e80fbfec939add5",
        "type": "github"
      },
      "original": {
        "owner": "Tsuzat",
        "repo": "NeoSolarized.nvim",
        "type": "github"
      }
    },
    "nixpkgs": {
      "locked": {
        "lastModified": 1743320628,
        "narHash": "sha256-FurMxmjEEqEMld11eX2vgfAx0Rz0JhoFm8UgxbfCZa8=",
        "owner": "NixOS",
        "repo": "nixpkgs",
        "rev": "63158b9cbb6ec93d26255871c447b0f01da81619",
        "type": "github"
      },
      "original": {
        "owner": "NixOS",
        "ref": "nixpkgs-unstable",
        "repo": "nixpkgs",
        "type": "github"
      }
    },
    "numbers-vim": {
      "flake": false,
      "locked": {
        "lastModified": 1508276463,
        "narHash": "sha256-TyU+0n3OtDQfYariWwhAkQsujRVIzY5mbwQ8bKSgnKA=",
        "owner": "myusuf3",
        "repo": "numbers.vim",
        "rev": "1867e76e819db182a4fb71f48f4bd36a5e2c6b6e",
        "type": "github"
      },
      "original": {
        "owner": "myusuf3",
        "ref": "master",
        "repo": "numbers.vim",
        "type": "github"
      }
    },
    "root": {
      "inputs": {
        "home-manager": "home-manager",
        "neosolarized-nvim": "neosolarized-nvim",
        "nixpkgs": "nixpkgs",
        "numbers-vim": "numbers-vim",
        "vim-renamer": "vim-renamer"
      }
    },
    "vim-renamer": {
      "flake": false,
      "locked": {
        "lastModified": 1560180808,
        "narHash": "sha256-lP9qxsauD+KxFzelYYx354IhdO46jDlrsTe54Vyynj8=",
        "owner": "qpkorr",
        "repo": "vim-renamer",
        "rev": "9c6346eb4556cf2d8ca55de6969247ab14fe2383",
        "type": "github"
      },
      "original": {
        "owner": "qpkorr",
        "ref": "master",
        "repo": "vim-renamer",
        "type": "github"
      }
    }
  },
  "root": "root",
  "version": 7
}
